// !$*UTF8*$!
{
	archiveVersion = 1;
	classes = {
	};
	objectVersion = 46;
	objects = {

/* Begin PBXBuildFile section */
		63DDE5DC1E2FDA4100CD4F26 /* SavedMeme.swift in Sources */ = {isa = PBXBuildFile; fileRef = 63DDE5DB1E2FDA4100CD4F26 /* SavedMeme.swift */; };
		63DDE5DE1E2FE18000CD4F26 /* impact.ttf in Resources */ = {isa = PBXBuildFile; fileRef = 63DDE5DD1E2FE18000CD4F26 /* impact.ttf */; };
		63F31B091E26A2AE00B83FB8 /* AppDelegate.swift in Sources */ = {isa = PBXBuildFile; fileRef = 63F31B081E26A2AE00B83FB8 /* AppDelegate.swift */; };
		63F31B0B1E26A2AE00B83FB8 /* MemeEditorViewController.swift in Sources */ = {isa = PBXBuildFile; fileRef = 63F31B0A1E26A2AE00B83FB8 /* MemeEditorViewController.swift */; };
		63F31B0E1E26A2AE00B83FB8 /* Main.storyboard in Resources */ = {isa = PBXBuildFile; fileRef = 63F31B0C1E26A2AE00B83FB8 /* Main.storyboard */; };
		63F31B101E26A2AE00B83FB8 /* Assets.xcassets in Resources */ = {isa = PBXBuildFile; fileRef = 63F31B0F1E26A2AE00B83FB8 /* Assets.xcassets */; };
		63F31B131E26A2AE00B83FB8 /* LaunchScreen.storyboard in Resources */ = {isa = PBXBuildFile; fileRef = 63F31B111E26A2AE00B83FB8 /* LaunchScreen.storyboard */; };
		63F31B1E1E26A2AE00B83FB8 /* Meme_Me_v1_0Tests.swift in Sources */ = {isa = PBXBuildFile; fileRef = 63F31B1D1E26A2AE00B83FB8 /* Meme_Me_v1_0Tests.swift */; };
		63F31B291E26A2AE00B83FB8 /* Meme_Me_v1_0UITests.swift in Sources */ = {isa = PBXBuildFile; fileRef = 63F31B281E26A2AE00B83FB8 /* Meme_Me_v1_0UITests.swift */; };
/* End PBXBuildFile section */

/* Begin PBXContainerItemProxy section */
		63F31B1A1E26A2AE00B83FB8 /* PBXContainerItemProxy */ = {
			isa = PBXContainerItemProxy;
			containerPortal = 63F31AFD1E26A2AD00B83FB8 /* Project object */;
			proxyType = 1;
			remoteGlobalIDString = 63F31B041E26A2AD00B83FB8;
			remoteInfo = "Meme Me v1.0";
		};
		63F31B251E26A2AE00B83FB8 /* PBXContainerItemProxy */ = {
			isa = PBXContainerItemProxy;
			containerPortal = 63F31AFD1E26A2AD00B83FB8 /* Project object */;
			proxyType = 1;
			remoteGlobalIDString = 63F31B041E26A2AD00B83FB8;
			remoteInfo = "Meme Me v1.0";
		};
/* End PBXContainerItemProxy section */

/* Begin PBXFileReference section */
		63DDE5DB1E2FDA4100CD4F26 /* SavedMeme.swift */ = {isa = PBXFileReference; fileEncoding = 4; lastKnownFileType = sourcecode.swift; path = SavedMeme.swift; sourceTree = "<group>"; };
		63DDE5DD1E2FE18000CD4F26 /* impact.ttf */ = {isa = PBXFileReference; lastKnownFileType = file; path = impact.ttf; sourceTree = "<group>"; };
		63F31B051E26A2AD00B83FB8 /* Meme Me v1.0.app */ = {isa = PBXFileReference; explicitFileType = wrapper.application; includeInIndex = 0; path = "Meme Me v1.0.app"; sourceTree = BUILT_PRODUCTS_DIR; };
		63F31B081E26A2AE00B83FB8 /* AppDelegate.swift */ = {isa = PBXFileReference; lastKnownFileType = sourcecode.swift; path = AppDelegate.swift; sourceTree = "<group>"; };
		63F31B0A1E26A2AE00B83FB8 /* MemeEditorViewController.swift */ = {isa = PBXFileReference; lastKnownFileType = sourcecode.swift; path = MemeEditorViewController.swift; sourceTree = "<group>"; };
		63F31B0D1E26A2AE00B83FB8 /* Base */ = {isa = PBXFileReference; lastKnownFileType = file.storyboard; name = Base; path = Base.lproj/Main.storyboard; sourceTree = "<group>"; };
		63F31B0F1E26A2AE00B83FB8 /* Assets.xcassets */ = {isa = PBXFileReference; lastKnownFileType = folder.assetcatalog; path = Assets.xcassets; sourceTree = "<group>"; };
		63F31B121E26A2AE00B83FB8 /* Base */ = {isa = PBXFileReference; lastKnownFileType = file.storyboard; name = Base; path = Base.lproj/LaunchScreen.storyboard; sourceTree = "<group>"; };
		63F31B141E26A2AE00B83FB8 /* Info.plist */ = {isa = PBXFileReference; lastKnownFileType = text.plist.xml; path = Info.plist; sourceTree = "<group>"; };
		63F31B191E26A2AE00B83FB8 /* Meme Me v1.0Tests.xctest */ = {isa = PBXFileReference; explicitFileType = wrapper.cfbundle; includeInIndex = 0; path = "Meme Me v1.0Tests.xctest"; sourceTree = BUILT_PRODUCTS_DIR; };
		63F31B1D1E26A2AE00B83FB8 /* Meme_Me_v1_0Tests.swift */ = {isa = PBXFileReference; lastKnownFileType = sourcecode.swift; path = Meme_Me_v1_0Tests.swift; sourceTree = "<group>"; };
		63F31B1F1E26A2AE00B83FB8 /* Info.plist */ = {isa = PBXFileReference; lastKnownFileType = text.plist.xml; path = Info.plist; sourceTree = "<group>"; };
		63F31B241E26A2AE00B83FB8 /* Meme Me v1.0UITests.xctest */ = {isa = PBXFileReference; explicitFileType = wrapper.cfbundle; includeInIndex = 0; path = "Meme Me v1.0UITests.xctest"; sourceTree = BUILT_PRODUCTS_DIR; };
		63F31B281E26A2AE00B83FB8 /* Meme_Me_v1_0UITests.swift */ = {isa = PBXFileReference; lastKnownFileType = sourcecode.swift; path = Meme_Me_v1_0UITests.swift; sourceTree = "<group>"; };
		63F31B2A1E26A2AE00B83FB8 /* Info.plist */ = {isa = PBXFileReference; lastKnownFileType = text.plist.xml; path = Info.plist; sourceTree = "<group>"; };
/* End PBXFileReference section */

/* Begin PBXFrameworksBuildPhase section */
		63F31B021E26A2AD00B83FB8 /* Frameworks */ = {
			isa = PBXFrameworksBuildPhase;
			buildActionMask = 2147483647;
			files = (
			);
			runOnlyForDeploymentPostprocessing = 0;
		};
		63F31B161E26A2AE00B83FB8 /* Frameworks */ = {
			isa = PBXFrameworksBuildPhase;
			buildActionMask = 2147483647;
			files = (
			);
			runOnlyForDeploymentPostprocessing = 0;
		};
		63F31B211E26A2AE00B83FB8 /* Frameworks */ = {
			isa = PBXFrameworksBuildPhase;
			buildActionMask = 2147483647;
			files = (
			);
			runOnlyForDeploymentPostprocessing = 0;
		};
/* End PBXFrameworksBuildPhase section */

/* Begin PBXGroup section */
		63F31AFC1E26A2AD00B83FB8 = {
			isa = PBXGroup;
			children = (
				63F31B071E26A2AD00B83FB8 /* Meme Me v1.0 */,
				63F31B1C1E26A2AE00B83FB8 /* Meme Me v1.0Tests */,
				63F31B271E26A2AE00B83FB8 /* Meme Me v1.0UITests */,
				63F31B061E26A2AD00B83FB8 /* Products */,
			);
			sourceTree = "<group>";
		};
		63F31B061E26A2AD00B83FB8 /* Products */ = {
			isa = PBXGroup;
			children = (
				63F31B051E26A2AD00B83FB8 /* Meme Me v1.0.app */,
				63F31B191E26A2AE00B83FB8 /* Meme Me v1.0Tests.xctest */,
				63F31B241E26A2AE00B83FB8 /* Meme Me v1.0UITests.xctest */,
			);
			name = Products;
			sourceTree = "<group>";
		};
		63F31B071E26A2AD00B83FB8 /* Meme Me v1.0 */ = {
			isa = PBXGroup;
			children = (
				63F31B081E26A2AE00B83FB8 /* AppDelegate.swift */,
				63DDE5DD1E2FE18000CD4F26 /* impact.ttf */,
				63F31B0A1E26A2AE00B83FB8 /* MemeEditorViewController.swift */,
				63F31B0C1E26A2AE00B83FB8 /* Main.storyboard */,
				63F31B0F1E26A2AE00B83FB8 /* Assets.xcassets */,
				63F31B111E26A2AE00B83FB8 /* LaunchScreen.storyboard */,
				63F31B141E26A2AE00B83FB8 /* Info.plist */,
				63DDE5DB1E2FDA4100CD4F26 /* SavedMeme.swift */,
			);
			path = "Meme Me v1.0";
			sourceTree = "<group>";
		};
		63F31B1C1E26A2AE00B83FB8 /* Meme Me v1.0Tests */ = {
			isa = PBXGroup;
			children = (
				63F31B1D1E26A2AE00B83FB8 /* Meme_Me_v1_0Tests.swift */,
				63F31B1F1E26A2AE00B83FB8 /* Info.plist */,
			);
			path = "Meme Me v1.0Tests";
			sourceTree = "<group>";
		};
		63F31B271E26A2AE00B83FB8 /* Meme Me v1.0UITests */ = {
			isa = PBXGroup;
			children = (
				63F31B281E26A2AE00B83FB8 /* Meme_Me_v1_0UITests.swift */,
				63F31B2A1E26A2AE00B83FB8 /* Info.plist */,
			);
			path = "Meme Me v1.0UITests";
			sourceTree = "<group>";
		};
/* End PBXGroup section */

/* Begin PBXNativeTarget section */
		63F31B041E26A2AD00B83FB8 /* Meme Me v1.0 */ = {
			isa = PBXNativeTarget;
			buildConfigurationList = 63F31B2D1E26A2AE00B83FB8 /* Build configuration list for PBXNativeTarget "Meme Me v1.0" */;
			buildPhases = (
				63F31B011E26A2AD00B83FB8 /* Sources */,
				63F31B021E26A2AD00B83FB8 /* Frameworks */,
				63F31B031E26A2AD00B83FB8 /* Resources */,
			);
			buildRules = (
			);
			dependencies = (
			);
			name = "Meme Me v1.0";
			productName = "Meme Me v1.0";
			productReference = 63F31B051E26A2AD00B83FB8 /* Meme Me v1.0.app */;
			productType = "com.apple.product-type.application";
		};
		63F31B181E26A2AE00B83FB8 /* Meme Me v1.0Tests */ = {
			isa = PBXNativeTarget;
			buildConfigurationList = 63F31B301E26A2AE00B83FB8 /* Build configuration list for PBXNativeTarget "Meme Me v1.0Tests" */;
			buildPhases = (
				63F31B151E26A2AE00B83FB8 /* Sources */,
				63F31B161E26A2AE00B83FB8 /* Frameworks */,
				63F31B171E26A2AE00B83FB8 /* Resources */,
			);
			buildRules = (
			);
			dependencies = (
				63F31B1B1E26A2AE00B83FB8 /* PBXTargetDependency */,
			);
			name = "Meme Me v1.0Tests";
			productName = "Meme Me v1.0Tests";
			productReference = 63F31B191E26A2AE00B83FB8 /* Meme Me v1.0Tests.xctest */;
			productType = "com.apple.product-type.bundle.unit-test";
		};
		63F31B231E26A2AE00B83FB8 /* Meme Me v1.0UITests */ = {
			isa = PBXNativeTarget;
			buildConfigurationList = 63F31B331E26A2AE00B83FB8 /* Build configuration list for PBXNativeTarget "Meme Me v1.0UITests" */;
			buildPhases = (
				63F31B201E26A2AE00B83FB8 /* Sources */,
				63F31B211E26A2AE00B83FB8 /* Frameworks */,
				63F31B221E26A2AE00B83FB8 /* Resources */,
			);
			buildRules = (
			);
			dependencies = (
				63F31B261E26A2AE00B83FB8 /* PBXTargetDependency */,
			);
			name = "Meme Me v1.0UITests";
			productName = "Meme Me v1.0UITests";
			productReference = 63F31B241E26A2AE00B83FB8 /* Meme Me v1.0UITests.xctest */;
			productType = "com.apple.product-type.bundle.ui-testing";
		};
/* End PBXNativeTarget section */

/* Begin PBXProject section */
		63F31AFD1E26A2AD00B83FB8 /* Project object */ = {
			isa = PBXProject;
			attributes = {
				LastSwiftUpdateCheck = 0820;
				LastUpgradeCheck = 0820;
				ORGANIZATIONNAME = None;
				TargetAttributes = {
					63F31B041E26A2AD00B83FB8 = {
						CreatedOnToolsVersion = 8.2.1;
						DevelopmentTeam = 6D7XA4T6ES;
						ProvisioningStyle = Automatic;
					};
					63F31B181E26A2AE00B83FB8 = {
						CreatedOnToolsVersion = 8.2.1;
						DevelopmentTeam = 6D7XA4T6ES;
						ProvisioningStyle = Automatic;
						TestTargetID = 63F31B041E26A2AD00B83FB8;
					};
					63F31B231E26A2AE00B83FB8 = {
						CreatedOnToolsVersion = 8.2.1;
						DevelopmentTeam = 6D7XA4T6ES;
						ProvisioningStyle = Automatic;
						TestTargetID = 63F31B041E26A2AD00B83FB8;
					};
				};
			};
			buildConfigurationList = 63F31B001E26A2AD00B83FB8 /* Build configuration list for PBXProject "Meme Me v1.0" */;
			compatibilityVersion = "Xcode 3.2";
			developmentRegion = English;
			hasScannedForEncodings = 0;
			knownRegions = (
				en,
				Base,
			);
			mainGroup = 63F31AFC1E26A2AD00B83FB8;
			productRefGroup = 63F31B061E26A2AD00B83FB8 /* Products */;
			projectDirPath = "";
			projectRoot = "";
			targets = (
				63F31B041E26A2AD00B83FB8 /* Meme Me v1.0 */,
				63F31B181E26A2AE00B83FB8 /* Meme Me v1.0Tests */,
				63F31B231E26A2AE00B83FB8 /* Meme Me v1.0UITests */,
			);
		};
/* End PBXProject section */

/* Begin PBXResourcesBuildPhase section */
		63F31B031E26A2AD00B83FB8 /* Resources */ = {
			isa = PBXResourcesBuildPhase;
			buildActionMask = 2147483647;
			files = (
				63DDE5DE1E2FE18000CD4F26 /* impact.ttf in Resources */,
				63F31B131E26A2AE00B83FB8 /* LaunchScreen.storyboard in Resources */,
				63F31B101E26A2AE00B83FB8 /* Assets.xcassets in Resources */,
				63F31B0E1E26A2AE00B83FB8 /* Main.storyboard in Resources */,
			);
			runOnlyForDeploymentPostprocessing = 0;
		};
		63F31B171E26A2AE00B83FB8 /* Resources */ = {
			isa = PBXResourcesBuildPhase;
			buildActionMask = 2147483647;
			files = (
			);
			runOnlyForDeploymentPostprocessing = 0;
		};
		63F31B221E26A2AE00B83FB8 /* Resources */ = {
			isa = PBXResourcesBuildPhase;
			buildActionMask = 2147483647;
			files = (
			);
			runOnlyForDeploymentPostprocessing = 0;
		};
/* End PBXResourcesBuildPhase section */

/* Begin PBXSourcesBuildPhase section */
		63F31B011E26A2AD00B83FB8 /* Sources */ = {
			isa = PBXSourcesBuildPhase;
			buildActionMask = 2147483647;
			files = (
				63DDE5DC1E2FDA4100CD4F26 /* SavedMeme.swift in Sources */,
				63F31B0B1E26A2AE00B83FB8 /* MemeEditorViewController.swift in Sources */,
				63F31B091E26A2AE00B83FB8 /* AppDelegate.swift in Sources */,
			);
			runOnlyForDeploymentPostprocessing = 0;
		};
		63F31B151E26A2AE00B83FB8 /* Sources */ = {
			isa = PBXSourcesBuildPhase;
			buildActionMask = 2147483647;
			files = (
				63F31B1E1E26A2AE00B83FB8 /* Meme_Me_v1_0Tests.swift in Sources */,
			);
			runOnlyForDeploymentPostprocessing = 0;
		};
		63F31B201E26A2AE00B83FB8 /* Sources */ = {
			isa = PBXSourcesBuildPhase;
			buildActionMask = 2147483647;
			files = (
				63F31B291E26A2AE00B83FB8 /* Meme_Me_v1_0UITests.swift in Sources */,
			);
			runOnlyForDeploymentPostprocessing = 0;
		};
/* End PBXSourcesBuildPhase section */

/* Begin PBXTargetDependency section */
		63F31B1B1E26A2AE00B83FB8 /* PBXTargetDependency */ = {
			isa = PBXTargetDependency;
			target = 63F31B041E26A2AD00B83FB8 /* Meme Me v1.0 */;
			targetProxy = 63F31B1A1E26A2AE00B83FB8 /* PBXContainerItemProxy */;
		};
		63F31B261E26A2AE00B83FB8 /* PBXTargetDependency */ = {
			isa = PBXTargetDependency;
			target = 63F31B041E26A2AD00B83FB8 /* Meme Me v1.0 */;
			targetProxy = 63F31B251E26A2AE00B83FB8 /* PBXContainerItemProxy */;
		};
/* End PBXTargetDependency section */

/* Begin PBXVariantGroup section */
		63F31B0C1E26A2AE00B83FB8 /* Main.storyboard */ = {
			isa = PBXVariantGroup;
			children = (
				63F31B0D1E26A2AE00B83FB8 /* Base */,
			);
			name = Main.storyboard;
			sourceTree = "<group>";
		};
		63F31B111E26A2AE00B83FB8 /* LaunchScreen.storyboard */ = {
			isa = PBXVariantGroup;
			children = (
				63F31B121E26A2AE00B83FB8 /* Base */,
			);
			name = LaunchScreen.storyboard;
			sourceTree = "<group>";
		};
/* End PBXVariantGroup section */

/* Begin XCBuildConfiguration section */
		63F31B2B1E26A2AE00B83FB8 /* Debug */ = {
			isa = XCBuildConfiguration;
			buildSettings = {
				ALWAYS_SEARCH_USER_PATHS = NO;
				CLANG_ANALYZER_NONNULL = YES;
				CLANG_CXX_LANGUAGE_STANDARD = "gnu++0x";
				CLANG_CXX_LIBRARY = "libc++";
				CLANG_ENABLE_MODULES = YES;
				CLANG_ENABLE_OBJC_ARC = YES;
				CLANG_WARN_BOOL_CONVERSION = YES;
				CLANG_WARN_CONSTANT_CONVERSION = YES;
				CLANG_WARN_DIRECT_OBJC_ISA_USAGE = YES_ERROR;
				CLANG_WARN_DOCUMENTATION_COMMENTS = YES;
				CLANG_WARN_EMPTY_BODY = YES;
				CLANG_WARN_ENUM_CONVERSION = YES;
				CLANG_WARN_INFINITE_RECURSION = YES;
				CLANG_WARN_INT_CONVERSION = YES;
				CLANG_WARN_OBJC_ROOT_CLASS = YES_ERROR;
				CLANG_WARN_SUSPICIOUS_MOVE = YES;
				CLANG_WARN_UNREACHABLE_CODE = YES;
				CLANG_WARN__DUPLICATE_METHOD_MATCH = YES;
				"CODE_SIGN_IDENTITY[sdk=iphoneos*]" = "iPhone Developer";
				COPY_PHASE_STRIP = NO;
				DEBUG_INFORMATION_FORMAT = dwarf;
				ENABLE_STRICT_OBJC_MSGSEND = YES;
				ENABLE_TESTABILITY = YES;
				GCC_C_LANGUAGE_STANDARD = gnu99;
				GCC_DYNAMIC_NO_PIC = NO;
				GCC_NO_COMMON_BLOCKS = YES;
				GCC_OPTIMIZATION_LEVEL = 0;
				GCC_PREPROCESSOR_DEFINITIONS = (
					"DEBUG=1",
					"$(inherited)",
				);
				GCC_WARN_64_TO_32_BIT_CONVERSION = YES;
				GCC_WARN_ABOUT_RETURN_TYPE = YES_ERROR;
				GCC_WARN_UNDECLARED_SELECTOR = YES;
				GCC_WARN_UNINITIALIZED_AUTOS = YES_AGGRESSIVE;
				GCC_WARN_UNUSED_FUNCTION = YES;
				GCC_WARN_UNUSED_VARIABLE = YES;
				IPHONEOS_DEPLOYMENT_TARGET = 10.2;
				MTL_ENABLE_DEBUG_INFO = YES;
				ONLY_ACTIVE_ARCH = YES;
				SDKROOT = iphoneos;
				SWIFT_ACTIVE_COMPILATION_CONDITIONS = DEBUG;
				SWIFT_OPTIMIZATION_LEVEL = "-Onone";
				TARGETED_DEVICE_FAMILY = "1,2";
			};
			name = Debug;
		};
		63F31B2C1E26A2AE00B83FB8 /* Release */ = {
			isa = XCBuildConfiguration;
			buildSettings = {
				ALWAYS_SEARCH_USER_PATHS = NO;
				CLANG_ANALYZER_NONNULL = YES;
				CLANG_CXX_LANGUAGE_STANDARD = "gnu++0x";
				CLANG_CXX_LIBRARY = "libc++";
				CLANG_ENABLE_MODULES = YES;
				CLANG_ENABLE_OBJC_ARC = YES;
				CLANG_WARN_BOOL_CONVERSION = YES;
				CLANG_WARN_CONSTANT_CONVERSION = YES;
				CLANG_WARN_DIRECT_OBJC_ISA_USAGE = YES_ERROR;
				CLANG_WARN_DOCUMENTATION_COMMENTS = YES;
				CLANG_WARN_EMPTY_BODY = YES;
				CLANG_WARN_ENUM_CONVERSION = YES;
				CLANG_WARN_INFINITE_RECURSION = YES;
				CLANG_WARN_INT_CONVERSION = YES;
				CLANG_WARN_OBJC_ROOT_CLASS = YES_ERROR;
				CLANG_WARN_SUSPICIOUS_MOVE = YES;
				CLANG_WARN_UNREACHABLE_CODE = YES;
				CLANG_WARN__DUPLICATE_METHOD_MATCH = YES;
				"CODE_SIGN_IDENTITY[sdk=iphoneos*]" = "iPhone Developer";
				COPY_PHASE_STRIP = NO;
				DEBUG_INFORMATION_FORMAT = "dwarf-with-dsym";
				ENABLE_NS_ASSERTIONS = NO;
				ENABLE_STRICT_OBJC_MSGSEND = YES;
				GCC_C_LANGUAGE_STANDARD = gnu99;
				GCC_NO_COMMON_BLOCKS = YES;
				GCC_WARN_64_TO_32_BIT_CONVERSION = YES;
				GCC_WARN_ABOUT_RETURN_TYPE = YES_ERROR;
				GCC_WARN_UNDECLARED_SELECTOR = YES;
				GCC_WARN_UNINITIALIZED_AUTOS = YES_AGGRESSIVE;
				GCC_WARN_UNUSED_FUNCTION = YES;
				GCC_WARN_UNUSED_VARIABLE = YES;
				IPHONEOS_DEPLOYMENT_TARGET = 10.2;
				MTL_ENABLE_DEBUG_INFO = NO;
				SDKROOT = iphoneos;
				SWIFT_OPTIMIZATION_LEVEL = "-Owholemodule";
				TARGETED_DEVICE_FAMILY = "1,2";
				VALIDATE_PRODUCT = YES;
			};
			name = Release;
		};
		63F31B2E1E26A2AE00B83FB8 /* Debug */ = {
			isa = XCBuildConfiguration;
			buildSettings = {
				ASSETCATALOG_COMPILER_APPICON_NAME = AppIcon;
				DEVELOPMENT_TEAM = 6D7XA4T6ES;
				INFOPLIST_FILE = "Meme Me v1.0/Info.plist";
				LD_RUNPATH_SEARCH_PATHS = "$(inherited) @executable_path/Frameworks";
				PRODUCT_BUNDLE_IDENTIFIER = "edu.self.Meme-Me-v1-0";
				PRODUCT_NAME = "$(TARGET_NAME)";
				SWIFT_VERSION = 3.0;
			};
			name = Debug;
		};
		63F31B2F1E26A2AE00B83FB8 /* Release */ = {
			isa = XCBuildConfiguration;
			buildSettings = {
				ASSETCATALOG_COMPILER_APPICON_NAME = AppIcon;
				DEVELOPMENT_TEAM = 6D7XA4T6ES;
				INFOPLIST_FILE = "Meme Me v1.0/Info.plist";
				LD_RUNPATH_SEARCH_PATHS = "$(inherited) @executable_path/Frameworks";
				PRODUCT_BUNDLE_IDENTIFIER = "edu.self.Meme-Me-v1-0";
				PRODUCT_NAME = "$(TARGET_NAME)";
				SWIFT_VERSION = 3.0;
			};
			name = Release;
		};
		63F31B311E26A2AE00B83FB8 /* Debug */ = {
			isa = XCBuildConfiguration;
			buildSettings = {
				ALWAYS_EMBED_SWIFT_STANDARD_LIBRARIES = YES;
				BUNDLE_LOADER = "$(TEST_HOST)";
				DEVELOPMENT_TEAM = 6D7XA4T6ES;
				INFOPLIST_FILE = "Meme Me v1.0Tests/Info.plist";
				LD_RUNPATH_SEARCH_PATHS = "$(inherited) @executable_path/Frameworks @loader_path/Frameworks";
				PRODUCT_BUNDLE_IDENTIFIER = "edu.self.Meme-Me-v1-0Tests";
				PRODUCT_NAME = "$(TARGET_NAME)";
				SWIFT_VERSION = 3.0;
				TEST_HOST = "$(BUILT_PRODUCTS_DIR)/Meme Me v1.0.app/Meme Me v1.0";
			};
			name = Debug;
		};
		63F31B321E26A2AE00B83FB8 /* Release */ = {
			isa = XCBuildConfiguration;
			buildSettings = {
				ALWAYS_EMBED_SWIFT_STANDARD_LIBRARIES = YES;
				BUNDLE_LOADER = "$(TEST_HOST)";
				DEVELOPMENT_TEAM = 6D7XA4T6ES;
				INFOPLIST_FILE = "Meme Me v1.0Tests/Info.plist";
				LD_RUNPATH_SEARCH_PATHS = "$(inherited) @executable_path/Frameworks @loader_path/Frameworks";
				PRODUCT_BUNDLE_IDENTIFIER = "edu.self.Meme-Me-v1-0Tests";
				PRODUCT_NAME = "$(TARGET_NAME)";
				SWIFT_VERSION = 3.0;
				TEST_HOST = "$(BUILT_PRODUCTS_DIR)/Meme Me v1.0.app/Meme Me v1.0";
			};
			name = Release;
		};
		63F31B341E26A2AE00B83FB8 /* Debug */ = {
			isa = XCBuildConfiguration;
			buildSettings = {
				ALWAYS_EMBED_SWIFT_STANDARD_LIBRARIES = YES;
				DEVELOPMENT_TEAM = 6D7XA4T6ES;
				INFOPLIST_FILE = "Meme Me v1.0UITests/Info.plist";
				LD_RUNPATH_SEARCH_PATHS = "$(inherited) @executable_path/Frameworks @loader_path/Frameworks";
				PRODUCT_BUNDLE_IDENTIFIER = "edu.self.Meme-Me-v1-0UITests";
				PRODUCT_NAME = "$(TARGET_NAME)";
				SWIFT_VERSION = 3.0;
				TEST_TARGET_NAME = "Meme Me v1.0";
			};
			name = Debug;
		};
		63F31B351E26A2AE00B83FB8 /* Release */ = {
			isa = XCBuildConfiguration;
			buildSettings = {
				ALWAYS_EMBED_SWIFT_STANDARD_LIBRARIES = YES;
				DEVELOPMENT_TEAM = 6D7XA4T6ES;
				INFOPLIST_FILE = "Meme Me v1.0UITests/Info.plist";
				LD_RUNPATH_SEARCH_PATHS = "$(inherited) @executable_path/Frameworks @loader_path/Frameworks";
				PRODUCT_BUNDLE_IDENTIFIER = "edu.self.Meme-Me-v1-0UITests";
				PRODUCT_NAME = "$(TARGET_NAME)";
				SWIFT_VERSION = 3.0;
				TEST_TARGET_NAME = "Meme Me v1.0";
			};
			name = Release;
		};
/* End XCBuildConfiguration section */

/* Begin XCConfigurationList section */
		63F31B001E26A2AD00B83FB8 /* Build configuration list for PBXProject "Meme Me v1.0" */ = {
			isa = XCConfigurationList;
			buildConfigurations = (
				63F31B2B1E26A2AE00B83FB8 /* Debug */,
				63F31B2C1E26A2AE00B83FB8 /* Release */,
			);
			defaultConfigurationIsVisible = 0;
			defaultConfigurationName = Release;
		};
		63F31B2D1E26A2AE00B83FB8 /* Build configuration list for PBXNativeTarget "Meme Me v1.0" */ = {
			isa = XCConfigurationList;
			buildConfigurations = (
				63F31B2E1E26A2AE00B83FB8 /* Debug */,
				63F31B2F1E26A2AE00B83FB8 /* Release */,
			);
			defaultConfigurationIsVisible = 0;
			defaultConfigurationName = Release;
		};
		63F31B301E26A2AE00B83FB8 /* Build configuration list for PBXNativeTarget "Meme Me v1.0Tests" */ = {
			isa = XCConfigurationList;
			buildConfigurations = (
				63F31B311E26A2AE00B83FB8 /* Debug */,
				63F31B321E26A2AE00B83FB8 /* Release */,
			);
			defaultConfigurationIsVisible = 0;
			defaultConfigurationName = Release;
		};
		63F31B331E26A2AE00B83FB8 /* Build configuration list for PBXNativeTarget "Meme Me v1.0UITests" */ = {
			isa = XCConfigurationList;
			buildConfigurations = (
				63F31B341E26A2AE00B83FB8 /* Debug */,
				63F31B351E26A2AE00B83FB8 /* Release */,
			);
			defaultConfigurationIsVisible = 0;
			defaultConfigurationName = Release;
		};
/* End XCConfigurationList section */
	};
	rootObject = 63F31AFD1E26A2AD00B83FB8 /* Project object */;
}
